
Microsoft Visual Studio Solution File, Format Version 12.00
# Visual Studio Version 17
VisualStudioVersion = 17.3.32929.385
MinimumVisualStudioVersion = 10.0.40219.1
Project("{FAE04EC0-301F-11D3-BF4B-00C04F79EFBC}") = "Act2", "Act2.csproj", "{18D54E92-D1AF-4961-A866-834B5F0FB7EB}"
EndProject
Global
	GlobalSection(SolutionConfigurationPlatforms) = preSolution
		Debug|Any CPU = Debug|Any CPU
		Release|Any CPU = Release|Any CPU
	EndGlobalSection
	GlobalSection(ProjectConfigurationPlatforms) = postSolution
		{18D54E92-D1AF-4961-A866-834B5F0FB7EB}.Debug|Any CPU.ActiveCfg = Debug|Any CPU
		{18D54E92-D1AF-4961-A866-834B5F0FB7EB}.Debug|Any CPU.Build.0 = Debug|Any CPU
		{18D54E92-D1AF-4961-A866-834B5F0FB7EB}.Release|Any CPU.ActiveCfg = Release|Any CPU
		{18D54E92-D1AF-4961-A866-834B5F0FB7EB}.Release|Any CPU.Build.0 = Release|Any CPU
	EndGlobalSection
	GlobalSection(SolutionProperties) = preSolution
		HideSolutionNode = FALSE
	EndGlobalSection
	GlobalSection(ExtensibilityGlobals) = postSolution
		SolutionGuid = {9DEC0D69-3797-44B4-A2EC-A0B1199622E3}
	EndGlobalSection
EndGlobal
